# THIS IS AN AUTOGENERATED FILE. DO NOT EDIT THIS FILE DIRECTLY.
# yarn lockfile v1


arguable@0.0.8:
  version "0.0.8"
  resolved "https://registry.yarnpkg.com/arguable/-/arguable-0.0.8.tgz#4bf0b91eace1e7c1cacad9b288f3793c46699c12"

cadence@0.0.15:
  version "0.0.15"
  resolved "https://registry.yarnpkg.com/cadence/-/cadence-0.0.15.tgz#302df13c7de76b57f064c416902d2c4ca0ffb97c"

expandable@0.0.0:
  version "0.0.0"
  resolved "https://registry.yarnpkg.com/expandable/-/expandable-0.0.0.tgz#667fe3eb17243c9f1e6f225f47b78d607175b283"

proof@0.0.28:
  version "0.0.28"
  resolved "https://registry.yarnpkg.com/proof/-/proof-0.0.28.tgz#e7838a458f715bd6e57f424e317095ce82917cc1"
  dependencies:
    arguable "0.0.8"
    cadence "0.0.15"
    expandable "0.0.0"
